{
  "lockfileVersion": 1,
  "configVersion": 1,
  "workspaces": {
    "": {
      "name": "ci-integration-tests",
      "dependencies": {
        "@better-auth/utils": "^0.4.0",
      },
    },
  },
  "packages": {
    "@better-auth/utils": ["@better-auth/utils@0.4.0", "", { "dependencies": { "@noble/hashes": "^2.0.1" } }, "sha512-RpMtLUIQAEWMgdPLNVbIF5ON2mm+CH0U3rCdUCU1VyeAUui4m38DyK7/aXMLZov2YDjG684pS1D0MBllrmgjQA=="],

    "@noble/hashes": ["@noble/hashes@2.0.1", "", {}, "sha512-XlOlEbQcE9fmuXxrVTXCTlG2nlRXa9Rj3rr5Ue/+tX+nmkgbX720YHh0VR3hBF9xDvwnb8D2shVGOwNx+ulArw=="],
  }
}
